
Microsoft Visual Studio Solution File, Format Version 11.00
# Visual Studio 2010
Project("{FAE04EC0-301F-11D3-BF4B-00C04F79EFBC}") = "Assembly-CSharp", "Assembly-CSharp.csproj", "{7EBEF031-D5AC-8790-C228-60F2BB88620E}"
EndProject
Project("{FAE04EC0-301F-11D3-BF4B-00C04F79EFBC}") = "Assembly-CSharp-Editor-firstpass", "Assembly-CSharp-Editor-firstpass.csproj", "{E1475471-00F8-DCF0-F57C-B20ABE681498}"
EndProject
Global
	GlobalSection(SolutionConfigurationPlatforms) = preSolution
		Debug|Any CPU = Debug|Any CPU
		Release|Any CPU = Release|Any CPU
	EndGlobalSection
	GlobalSection(ProjectConfigurationPlatforms) = postSolution
		{7EBEF031-D5AC-8790-C228-60F2BB88620E}.Debug|Any CPU.ActiveCfg = Debug|Any CPU
		{7EBEF031-D5AC-8790-C228-60F2BB88620E}.Debug|Any CPU.Build.0 = Debug|Any CPU
		{7EBEF031-D5AC-8790-C228-60F2BB88620E}.Release|Any CPU.ActiveCfg = Release|Any CPU
		{7EBEF031-D5AC-8790-C228-60F2BB88620E}.Release|Any CPU.Build.0 = Release|Any CPU
		{E1475471-00F8-DCF0-F57C-B20ABE681498}.Debug|Any CPU.ActiveCfg = Debug|Any CPU
		{E1475471-00F8-DCF0-F57C-B20ABE681498}.Debug|Any CPU.Build.0 = Debug|Any CPU
		{E1475471-00F8-DCF0-F57C-B20ABE681498}.Release|Any CPU.ActiveCfg = Release|Any CPU
		{E1475471-00F8-DCF0-F57C-B20ABE681498}.Release|Any CPU.Build.0 = Release|Any CPU
	EndGlobalSection
	GlobalSection(SolutionProperties) = preSolution
		HideSolutionNode = FALSE
	EndGlobalSection
EndGlobal
